// !$*UTF8*$!
{
	archiveVersion = 1;
	classes = {
	};
	objectVersion = 50;
	objects = {

/* Begin PBXBuildFile section */
		173EF92321F3B61900CF4B32 /* AppDelegate.swift in Sources */ = {isa = PBXBuildFile; fileRef = 173EF92221F3B61900CF4B32 /* AppDelegate.swift */; };
		173EF92A21F3B61C00CF4B32 /* Assets.xcassets in Resources */ = {isa = PBXBuildFile; fileRef = 173EF92921F3B61C00CF4B32 /* Assets.xcassets */; };
		173EF92D21F3B61C00CF4B32 /* LaunchScreen.storyboard in Resources */ = {isa = PBXBuildFile; fileRef = 173EF92B21F3B61C00CF4B32 /* LaunchScreen.storyboard */; };
		173EF93521F3B7CB00CF4B32 /* GameViewController.swift in Sources */ = {isa = PBXBuildFile; fileRef = 173EF93421F3B7CB00CF4B32 /* GameViewController.swift */; };
		175102F821F3BA49009DF3DD /* TimedProgressView.swift in Sources */ = {isa = PBXBuildFile; fileRef = 175102F621F3BA49009DF3DD /* TimedProgressView.swift */; };
		175102F921F3BA49009DF3DD /* UIView+ConstraintExtensions.swift in Sources */ = {isa = PBXBuildFile; fileRef = 175102F721F3BA49009DF3DD /* UIView+ConstraintExtensions.swift */; };
		175102FB21F3BBCA009DF3DD /* GameView.swift in Sources */ = {isa = PBXBuildFile; fileRef = 175102FA21F3BBCA009DF3DD /* GameView.swift */; };
		17D6522C21F41081002C314A /* ColorWordModel.swift in Sources */ = {isa = PBXBuildFile; fileRef = 17D6522B21F41081002C314A /* ColorWordModel.swift */; };
		7BCBEFC276EBE802AD197BFA /* Pods_ColorWords.framework in Frameworks */ = {isa = PBXBuildFile; fileRef = DF4D4677B56A2FA280022CA8 /* Pods_ColorWords.framework */; };
/* End PBXBuildFile section */

/* Begin PBXFileReference section */
		173EF91F21F3B61800CF4B32 /* ColorWords.app */ = {isa = PBXFileReference; explicitFileType = wrapper.application; includeInIndex = 0; path = ColorWords.app; sourceTree = BUILT_PRODUCTS_DIR; };
		173EF92221F3B61900CF4B32 /* AppDelegate.swift */ = {isa = PBXFileReference; lastKnownFileType = sourcecode.swift; path = AppDelegate.swift; sourceTree = "<group>"; };
		173EF92921F3B61C00CF4B32 /* Assets.xcassets */ = {isa = PBXFileReference; lastKnownFileType = folder.assetcatalog; path = Assets.xcassets; sourceTree = "<group>"; };
		173EF92C21F3B61C00CF4B32 /* Base */ = {isa = PBXFileReference; lastKnownFileType = file.storyboard; name = Base; path = Base.lproj/LaunchScreen.storyboard; sourceTree = "<group>"; };
		173EF92E21F3B61C00CF4B32 /* Info.plist */ = {isa = PBXFileReference; lastKnownFileType = text.plist.xml; path = Info.plist; sourceTree = "<group>"; };
		173EF93421F3B7CB00CF4B32 /* GameViewController.swift */ = {isa = PBXFileReference; lastKnownFileType = sourcecode.swift; path = GameViewController.swift; sourceTree = "<group>"; };
		175102F621F3BA49009DF3DD /* TimedProgressView.swift */ = {isa = PBXFileReference; fileEncoding = 4; lastKnownFileType = sourcecode.swift; path = TimedProgressView.swift; sourceTree = "<group>"; };
		175102F721F3BA49009DF3DD /* UIView+ConstraintExtensions.swift */ = {isa = PBXFileReference; fileEncoding = 4; lastKnownFileType = sourcecode.swift; path = "UIView+ConstraintExtensions.swift"; sourceTree = "<group>"; };
		175102FA21F3BBCA009DF3DD /* GameView.swift */ = {isa = PBXFileReference; lastKnownFileType = sourcecode.swift; path = GameView.swift; sourceTree = "<group>"; };
		17D6522B21F41081002C314A /* ColorWordModel.swift */ = {isa = PBXFileReference; lastKnownFileType = sourcecode.swift; path = ColorWordModel.swift; sourceTree = "<group>"; };
		D1AF1073288276C166E0451E /* Pods-ColorWords.debug.xcconfig */ = {isa = PBXFileReference; includeInIndex = 1; lastKnownFileType = text.xcconfig; name = "Pods-ColorWords.debug.xcconfig"; path = "Pods/Target Support Files/Pods-ColorWords/Pods-ColorWords.debug.xcconfig"; sourceTree = "<group>"; };
		DF4D4677B56A2FA280022CA8 /* Pods_ColorWords.framework */ = {isa = PBXFileReference; explicitFileType = wrapper.framework; includeInIndex = 0; path = Pods_ColorWords.framework; sourceTree = BUILT_PRODUCTS_DIR; };
		EED722AC08FA2B8D17A6D918 /* Pods-ColorWords.release.xcconfig */ = {isa = PBXFileReference; includeInIndex = 1; lastKnownFileType = text.xcconfig; name = "Pods-ColorWords.release.xcconfig"; path = "Pods/Target Support Files/Pods-ColorWords/Pods-ColorWords.release.xcconfig"; sourceTree = "<group>"; };
/* End PBXFileReference section */

/* Begin PBXFrameworksBuildPhase section */
		173EF91C21F3B61800CF4B32 /* Frameworks */ = {
			isa = PBXFrameworksBuildPhase;
			buildActionMask = 2147483647;
			files = (
				7BCBEFC276EBE802AD197BFA /* Pods_ColorWords.framework in Frameworks */,
			);
			runOnlyForDeploymentPostprocessing = 0;
		};
/* End PBXFrameworksBuildPhase section */

/* Begin PBXGroup section */
		056C426112F798EEB28A2715 /* Pods */ = {
			isa = PBXGroup;
			children = (
				D1AF1073288276C166E0451E /* Pods-ColorWords.debug.xcconfig */,
				EED722AC08FA2B8D17A6D918 /* Pods-ColorWords.release.xcconfig */,
			);
			name = Pods;
			sourceTree = "<group>";
		};
		173EF91621F3B61800CF4B32 = {
			isa = PBXGroup;
			children = (
				173EF92121F3B61800CF4B32 /* ColorWords */,
				173EF92021F3B61800CF4B32 /* Products */,
				056C426112F798EEB28A2715 /* Pods */,
				B0FB5F4C7000E1B32DBF876E /* Frameworks */,
			);
			sourceTree = "<group>";
		};
		173EF92021F3B61800CF4B32 /* Products */ = {
			isa = PBXGroup;
			children = (
				173EF91F21F3B61800CF4B32 /* ColorWords.app */,
			);
			name = Products;
			sourceTree = "<group>";
		};
		173EF92121F3B61800CF4B32 /* ColorWords */ = {
			isa = PBXGroup;
			children = (
				173EF93621F3B7DB00CF4B32 /* Supporting Files */,
				175102FA21F3BBCA009DF3DD /* GameView.swift */,
				173EF93421F3B7CB00CF4B32 /* GameViewController.swift */,
				17D6522B21F41081002C314A /* ColorWordModel.swift */,
				175102F621F3BA49009DF3DD /* TimedProgressView.swift */,
				173EF92921F3B61C00CF4B32 /* Assets.xcassets */,
				173EF92E21F3B61C00CF4B32 /* Info.plist */,
			);
			path = ColorWords;
			sourceTree = "<group>";
		};
		173EF93621F3B7DB00CF4B32 /* Supporting Files */ = {
			isa = PBXGroup;
			children = (
				175102F721F3BA49009DF3DD /* UIView+ConstraintExtensions.swift */,
				173EF92221F3B61900CF4B32 /* AppDelegate.swift */,
				173EF92B21F3B61C00CF4B32 /* LaunchScreen.storyboard */,
			);
			path = "Supporting Files";
			sourceTree = "<group>";
		};
		B0FB5F4C7000E1B32DBF876E /* Frameworks */ = {
			isa = PBXGroup;
			children = (
				DF4D4677B56A2FA280022CA8 /* Pods_ColorWords.framework */,
			);
			name = Frameworks;
			sourceTree = "<group>";
		};
/* End PBXGroup section */

/* Begin PBXNativeTarget section */
		173EF91E21F3B61800CF4B32 /* ColorWords */ = {
			isa = PBXNativeTarget;
			buildConfigurationList = 173EF93121F3B61C00CF4B32 /* Build configuration list for PBXNativeTarget "ColorWords" */;
			buildPhases = (
				7404C73EBDC2D3D5A17008FF /* [CP] Check Pods Manifest.lock */,
				173EF91B21F3B61800CF4B32 /* Sources */,
				173EF91C21F3B61800CF4B32 /* Frameworks */,
				173EF91D21F3B61800CF4B32 /* Resources */,
				A66394E913A95ACC1341129C /* [CP] Embed Pods Frameworks */,
			);
			buildRules = (
			);
			dependencies = (
			);
			name = ColorWords;
			productName = ColorWords;
			productReference = 173EF91F21F3B61800CF4B32 /* ColorWords.app */;
			productType = "com.apple.product-type.application";
		};
/* End PBXNativeTarget section */

/* Begin PBXProject section */
		173EF91721F3B61800CF4B32 /* Project object */ = {
			isa = PBXProject;
			attributes = {
				LastSwiftUpdateCheck = 1010;
				LastUpgradeCheck = 1010;
				ORGANIZATIONNAME = "Jordan Dumlao";
				TargetAttributes = {
					173EF91E21F3B61800CF4B32 = {
						CreatedOnToolsVersion = 10.1;
					};
				};
			};
			buildConfigurationList = 173EF91A21F3B61800CF4B32 /* Build configuration list for PBXProject "ColorWords" */;
			compatibilityVersion = "Xcode 9.3";
			developmentRegion = en;
			hasScannedForEncodings = 0;
			knownRegions = (
				en,
				Base,
			);
			mainGroup = 173EF91621F3B61800CF4B32;
			productRefGroup = 173EF92021F3B61800CF4B32 /* Products */;
			projectDirPath = "";
			projectRoot = "";
			targets = (
				173EF91E21F3B61800CF4B32 /* ColorWords */,
			);
		};
/* End PBXProject section */

/* Begin PBXResourcesBuildPhase section */
		173EF91D21F3B61800CF4B32 /* Resources */ = {
			isa = PBXResourcesBuildPhase;
			buildActionMask = 2147483647;
			files = (
				173EF92D21F3B61C00CF4B32 /* LaunchScreen.storyboard in Resources */,
				173EF92A21F3B61C00CF4B32 /* Assets.xcassets in Resources */,
			);
			runOnlyForDeploymentPostprocessing = 0;
		};
/* End PBXResourcesBuildPhase section */

/* Begin PBXShellScriptBuildPhase section */
		7404C73EBDC2D3D5A17008FF /* [CP] Check Pods Manifest.lock */ = {
			isa = PBXShellScriptBuildPhase;
			buildActionMask = 2147483647;
			files = (
			);
			inputPaths = (
				"${PODS_PODFILE_DIR_PATH}/Podfile.lock",
				"${PODS_ROOT}/Manifest.lock",
			);
			name = "[CP] Check Pods Manifest.lock";
			outputPaths = (
				"$(DERIVED_FILE_DIR)/Pods-ColorWords-checkManifestLockResult.txt",
			);
			runOnlyForDeploymentPostprocessing = 0;
			shellPath = /bin/sh;
			shellScript = "diff \"${PODS_PODFILE_DIR_PATH}/Podfile.lock\" \"${PODS_ROOT}/Manifest.lock\" > /dev/null\nif [ $? != 0 ] ; then\n    # print error to STDERR\n    echo \"error: The sandbox is not in sync with the Podfile.lock. Run 'pod install' or update your CocoaPods installation.\" >&2\n    exit 1\nfi\n# This output is used by Xcode 'outputs' to avoid re-running this script phase.\necho \"SUCCESS\" > \"${SCRIPT_OUTPUT_FILE_0}\"\n";
			showEnvVarsInLog = 0;
		};
		A66394E913A95ACC1341129C /* [CP] Embed Pods Frameworks */ = {
			isa = PBXShellScriptBuildPhase;
			buildActionMask = 2147483647;
			files = (
			);
			inputPaths = (
				"${SRCROOT}/Pods/Target Support Files/Pods-ColorWords/Pods-ColorWords-frameworks.sh",
				"${BUILT_PRODUCTS_DIR}/ChameleonFramework/ChameleonFramework.framework",
			);
			name = "[CP] Embed Pods Frameworks";
			outputPaths = (
				"${TARGET_BUILD_DIR}/${FRAMEWORKS_FOLDER_PATH}/ChameleonFramework.framework",
			);
			runOnlyForDeploymentPostprocessing = 0;
			shellPath = /bin/sh;
			shellScript = "\"${SRCROOT}/Pods/Target Support Files/Pods-ColorWords/Pods-ColorWords-frameworks.sh\"\n";
			showEnvVarsInLog = 0;
		};
/* End PBXShellScriptBuildPhase section */

/* Begin PBXSourcesBuildPhase section */
		173EF91B21F3B61800CF4B32 /* Sources */ = {
			isa = PBXSourcesBuildPhase;
			buildActionMask = 2147483647;
			files = (
				175102F821F3BA49009DF3DD /* TimedProgressView.swift in Sources */,
				17D6522C21F41081002C314A /* ColorWordModel.swift in Sources */,
				173EF93521F3B7CB00CF4B32 /* GameViewController.swift in Sources */,
				173EF92321F3B61900CF4B32 /* AppDelegate.swift in Sources */,
				175102F921F3BA49009DF3DD /* UIView+ConstraintExtensions.swift in Sources */,
				175102FB21F3BBCA009DF3DD /* GameView.swift in Sources */,
			);
			runOnlyForDeploymentPostprocessing = 0;
		};
/* End PBXSourcesBuildPhase section */

/* Begin PBXVariantGroup section */
		173EF92B21F3B61C00CF4B32 /* LaunchScreen.storyboard */ = {
			isa = PBXVariantGroup;
			children = (
				173EF92C21F3B61C00CF4B32 /* Base */,
			);
			name = LaunchScreen.storyboard;
			sourceTree = "<group>";
		};
/* End PBXVariantGroup section */

/* Begin XCBuildConfiguration section */
		173EF92F21F3B61C00CF4B32 /* Debug */ = {
			isa = XCBuildConfiguration;
			buildSettings = {
				ALWAYS_SEARCH_USER_PATHS = NO;
				CLANG_ANALYZER_NONNULL = YES;
				CLANG_ANALYZER_NUMBER_OBJECT_CONVERSION = YES_AGGRESSIVE;
				CLANG_CXX_LANGUAGE_STANDARD = "gnu++14";
				CLANG_CXX_LIBRARY = "libc++";
				CLANG_ENABLE_MODULES = YES;
				CLANG_ENABLE_OBJC_ARC = YES;
				CLANG_ENABLE_OBJC_WEAK = YES;
				CLANG_WARN_BLOCK_CAPTURE_AUTORELEASING = YES;
				CLANG_WARN_BOOL_CONVERSION = YES;
				CLANG_WARN_COMMA = YES;
				CLANG_WARN_CONSTANT_CONVERSION = YES;
				CLANG_WARN_DEPRECATED_OBJC_IMPLEMENTATIONS = YES;
				CLANG_WARN_DIRECT_OBJC_ISA_USAGE = YES_ERROR;
				CLANG_WARN_DOCUMENTATION_COMMENTS = YES;
				CLANG_WARN_EMPTY_BODY = YES;
				CLANG_WARN_ENUM_CONVERSION = YES;
				CLANG_WARN_INFINITE_RECURSION = YES;
				CLANG_WARN_INT_CONVERSION = YES;
				CLANG_WARN_NON_LITERAL_NULL_CONVERSION = YES;
				CLANG_WARN_OBJC_IMPLICIT_RETAIN_SELF = YES;
				CLANG_WARN_OBJC_LITERAL_CONVERSION = YES;
				CLANG_WARN_OBJC_ROOT_CLASS = YES_ERROR;
				CLANG_WARN_RANGE_LOOP_ANALYSIS = YES;
				CLANG_WARN_STRICT_PROTOTYPES = YES;
				CLANG_WARN_SUSPICIOUS_MOVE = YES;
				CLANG_WARN_UNGUARDED_AVAILABILITY = YES_AGGRESSIVE;
				CLANG_WARN_UNREACHABLE_CODE = YES;
				CLANG_WARN__DUPLICATE_METHOD_MATCH = YES;
				CODE_SIGN_IDENTITY = "iPhone Developer";
				COPY_PHASE_STRIP = NO;
				DEBUG_INFORMATION_FORMAT = dwarf;
				ENABLE_STRICT_OBJC_MSGSEND = YES;
				ENABLE_TESTABILITY = YES;
				GCC_C_LANGUAGE_STANDARD = gnu11;
				GCC_DYNAMIC_NO_PIC = NO;
				GCC_NO_COMMON_BLOCKS = YES;
				GCC_OPTIMIZATION_LEVEL = 0;
				GCC_PREPROCESSOR_DEFINITIONS = (
					"DEBUG=1",
					"$(inherited)",
				);
				GCC_WARN_64_TO_32_BIT_CONVERSION = YES;
				GCC_WARN_ABOUT_RETURN_TYPE = YES_ERROR;
				GCC_WARN_UNDECLARED_SELECTOR = YES;
				GCC_WARN_UNINITIALIZED_AUTOS = YES_AGGRESSIVE;
				GCC_WARN_UNUSED_FUNCTION = YES;
				GCC_WARN_UNUSED_VARIABLE = YES;
				IPHONEOS_DEPLOYMENT_TARGET = 12.1;
				MTL_ENABLE_DEBUG_INFO = INCLUDE_SOURCE;
				MTL_FAST_MATH = YES;
				ONLY_ACTIVE_ARCH = YES;
				SDKROOT = iphoneos;
				SWIFT_ACTIVE_COMPILATION_CONDITIONS = DEBUG;
				SWIFT_OPTIMIZATION_LEVEL = "-Onone";
			};
			name = Debug;
		};
		173EF93021F3B61C00CF4B32 /* Release */ = {
			isa = XCBuildConfiguration;
			buildSettings = {
				ALWAYS_SEARCH_USER_PATHS = NO;
				CLANG_ANALYZER_NONNULL = YES;
				CLANG_ANALYZER_NUMBER_OBJECT_CONVERSION = YES_AGGRESSIVE;
				CLANG_CXX_LANGUAGE_STANDARD = "gnu++14";
				CLANG_CXX_LIBRARY = "libc++";
				CLANG_ENABLE_MODULES = YES;
				CLANG_ENABLE_OBJC_ARC = YES;
				CLANG_ENABLE_OBJC_WEAK = YES;
				CLANG_WARN_BLOCK_CAPTURE_AUTORELEASING = YES;
				CLANG_WARN_BOOL_CONVERSION = YES;
				CLANG_WARN_COMMA = YES;
				CLANG_WARN_CONSTANT_CONVERSION = YES;
				CLANG_WARN_DEPRECATED_OBJC_IMPLEMENTATIONS = YES;
				CLANG_WARN_DIRECT_OBJC_ISA_USAGE = YES_ERROR;
				CLANG_WARN_DOCUMENTATION_COMMENTS = YES;
				CLANG_WARN_EMPTY_BODY = YES;
				CLANG_WARN_ENUM_CONVERSION = YES;
				CLANG_WARN_INFINITE_RECURSION = YES;
				CLANG_WARN_INT_CONVERSION = YES;
				CLANG_WARN_NON_LITERAL_NULL_CONVERSION = YES;
				CLANG_WARN_OBJC_IMPLICIT_RETAIN_SELF = YES;
				CLANG_WARN_OBJC_LITERAL_CONVERSION = YES;
				CLANG_WARN_OBJC_ROOT_CLASS = YES_ERROR;
				CLANG_WARN_RANGE_LOOP_ANALYSIS = YES;
				CLANG_WARN_STRICT_PROTOTYPES = YES;
				CLANG_WARN_SUSPICIOUS_MOVE = YES;
				CLANG_WARN_UNGUARDED_AVAILABILITY = YES_AGGRESSIVE;
				CLANG_WARN_UNREACHABLE_CODE = YES;
				CLANG_WARN__DUPLICATE_METHOD_MATCH = YES;
				CODE_SIGN_IDENTITY = "iPhone Developer";
				COPY_PHASE_STRIP = NO;
				DEBUG_INFORMATION_FORMAT = "dwarf-with-dsym";
				ENABLE_NS_ASSERTIONS = NO;
				ENABLE_STRICT_OBJC_MSGSEND = YES;
				GCC_C_LANGUAGE_STANDARD = gnu11;
				GCC_NO_COMMON_BLOCKS = YES;
				GCC_WARN_64_TO_32_BIT_CONVERSION = YES;
				GCC_WARN_ABOUT_RETURN_TYPE = YES_ERROR;
				GCC_WARN_UNDECLARED_SELECTOR = YES;
				GCC_WARN_UNINITIALIZED_AUTOS = YES_AGGRESSIVE;
				GCC_WARN_UNUSED_FUNCTION = YES;
				GCC_WARN_UNUSED_VARIABLE = YES;
				IPHONEOS_DEPLOYMENT_TARGET = 12.1;
				MTL_ENABLE_DEBUG_INFO = NO;
				MTL_FAST_MATH = YES;
				SDKROOT = iphoneos;
				SWIFT_COMPILATION_MODE = wholemodule;
				SWIFT_OPTIMIZATION_LEVEL = "-O";
				VALIDATE_PRODUCT = YES;
			};
			name = Release;
		};
		173EF93221F3B61C00CF4B32 /* Debug */ = {
			isa = XCBuildConfiguration;
			baseConfigurationReference = D1AF1073288276C166E0451E /* Pods-ColorWords.debug.xcconfig */;
			buildSettings = {
				ASSETCATALOG_COMPILER_APPICON_NAME = AppIcon;
				CODE_SIGN_STYLE = Automatic;
				DEVELOPMENT_TEAM = 7DDY4G5VW4;
				INFOPLIST_FILE = ColorWords/Info.plist;
				LD_RUNPATH_SEARCH_PATHS = (
					"$(inherited)",
					"@executable_path/Frameworks",
				);
				PRODUCT_BUNDLE_IDENTIFIER = com.example.ColorWords;
				PRODUCT_NAME = "$(TARGET_NAME)";
				SWIFT_VERSION = 4.2;
				TARGETED_DEVICE_FAMILY = "1,2";
			};
			name = Debug;
		};
		173EF93321F3B61C00CF4B32 /* Release */ = {
			isa = XCBuildConfiguration;
			baseConfigurationReference = EED722AC08FA2B8D17A6D918 /* Pods-ColorWords.release.xcconfig */;
			buildSettings = {
				ASSETCATALOG_COMPILER_APPICON_NAME = AppIcon;
				CODE_SIGN_STYLE = Automatic;
				DEVELOPMENT_TEAM = 7DDY4G5VW4;
				INFOPLIST_FILE = ColorWords/Info.plist;
				LD_RUNPATH_SEARCH_PATHS = (
					"$(inherited)",
					"@executable_path/Frameworks",
				);
				PRODUCT_BUNDLE_IDENTIFIER = com.example.ColorWords;
				PRODUCT_NAME = "$(TARGET_NAME)";
				SWIFT_VERSION = 4.2;
				TARGETED_DEVICE_FAMILY = "1,2";
			};
			name = Release;
		};
/* End XCBuildConfiguration section */

/* Begin XCConfigurationList section */
		173EF91A21F3B61800CF4B32 /* Build configuration list for PBXProject "ColorWords" */ = {
			isa = XCConfigurationList;
			buildConfigurations = (
				173EF92F21F3B61C00CF4B32 /* Debug */,
				173EF93021F3B61C00CF4B32 /* Release */,
			);
			defaultConfigurationIsVisible = 0;
			defaultConfigurationName = Release;
		};
		173EF93121F3B61C00CF4B32 /* Build configuration list for PBXNativeTarget "ColorWords" */ = {
			isa = XCConfigurationList;
			buildConfigurations = (
				173EF93221F3B61C00CF4B32 /* Debug */,
				173EF93321F3B61C00CF4B32 /* Release */,
			);
			defaultConfigurationIsVisible = 0;
			defaultConfigurationName = Release;
		};
/* End XCConfigurationList section */
	};
	rootObject = 173EF91721F3B61800CF4B32 /* Project object */;
}
